// !$*UTF8*$!
{
	archiveVersion = 1;
	classes = {
	};
	objectVersion = 77;
	objects = {

/* Begin PBXBuildFile section */
		971155BC2D6DE60D0028E8F9 /* libSDL2-2.0.0.dylib in Frameworks */ = {isa = PBXBuildFile; fileRef = 971155BB2D6DE60D0028E8F9 /* libSDL2-2.0.0.dylib */; };
		971155BE2D6DE61C0028E8F9 /* libSDL2_image-2.0.0.dylib in Frameworks */ = {isa = PBXBuildFile; fileRef = 971155BD2D6DE61C0028E8F9 /* libSDL2_image-2.0.0.dylib */; };
		971155C02D6DE6270028E8F9 /* libSDL2_mixer-2.0.0.dylib in Frameworks */ = {isa = PBXBuildFile; fileRef = 971155BF2D6DE6270028E8F9 /* libSDL2_mixer-2.0.0.dylib */; };
/* End PBXBuildFile section */

/* Begin PBXCopyFilesBuildPhase section */
		979EF1F42D01C4AF00772745 /* CopyFiles */ = {
			isa = PBXCopyFilesBuildPhase;
			buildActionMask = 2147483647;
			dstPath = "@executable_path/../Frameworks";
			dstSubfolderSpec = 10;
			files = (
			);
			runOnlyForDeploymentPostprocessing = 1;
		};
/* End PBXCopyFilesBuildPhase section */

/* Begin PBXFileReference section */
		971155BB2D6DE60D0028E8F9 /* libSDL2-2.0.0.dylib */ = {isa = PBXFileReference; lastKnownFileType = "compiled.mach-o.dylib"; name = "libSDL2-2.0.0.dylib"; path = "../../../../opt/homebrew/Cellar/sdl2/2.32.0/lib/libSDL2-2.0.0.dylib"; sourceTree = "<group>"; };
		971155BD2D6DE61C0028E8F9 /* libSDL2_image-2.0.0.dylib */ = {isa = PBXFileReference; lastKnownFileType = "compiled.mach-o.dylib"; name = "libSDL2_image-2.0.0.dylib"; path = "../../../../opt/homebrew/Cellar/sdl2_image/2.8.4/lib/libSDL2_image-2.0.0.dylib"; sourceTree = "<group>"; };
		971155BF2D6DE6270028E8F9 /* libSDL2_mixer-2.0.0.dylib */ = {isa = PBXFileReference; lastKnownFileType = "compiled.mach-o.dylib"; name = "libSDL2_mixer-2.0.0.dylib"; path = "../../../../opt/homebrew/Cellar/sdl2_mixer/2.8.1/lib/libSDL2_mixer-2.0.0.dylib"; sourceTree = "<group>"; };
		977297582D0388010030BD5C /* libSDL2_mixer-2.0.0.dylib */ = {isa = PBXFileReference; lastKnownFileType = "compiled.mach-o.dylib"; name = "libSDL2_mixer-2.0.0.dylib"; path = "../../../../opt/homebrew/Cellar/sdl2_mixer/2.8.0/lib/libSDL2_mixer-2.0.0.dylib"; sourceTree = "<group>"; };
		979EF1F62D01C4AF00772745 /* chords */ = {isa = PBXFileReference; explicitFileType = "compiled.mach-o.executable"; includeInIndex = 0; path = chords; sourceTree = BUILT_PRODUCTS_DIR; };
		979EF2012D01E5D500772745 /* libSDL2-2.0.0.dylib */ = {isa = PBXFileReference; lastKnownFileType = "compiled.mach-o.dylib"; name = "libSDL2-2.0.0.dylib"; path = "../../../../opt/homebrew/Cellar/sdl2/2.30.9/lib/libSDL2-2.0.0.dylib"; sourceTree = "<group>"; };
/* End PBXFileReference section */

/* Begin PBXFileSystemSynchronizedRootGroup section */
		979EF1F82D01C4AF00772745 /* chords */ = {
			isa = PBXFileSystemSynchronizedRootGroup;
			path = chords;
			sourceTree = "<group>";
		};
/* End PBXFileSystemSynchronizedRootGroup section */

/* Begin PBXFrameworksBuildPhase section */
		979EF1F32D01C4AF00772745 /* Frameworks */ = {
			isa = PBXFrameworksBuildPhase;
			buildActionMask = 2147483647;
			files = (
				971155C02D6DE6270028E8F9 /* libSDL2_mixer-2.0.0.dylib in Frameworks */,
				971155BE2D6DE61C0028E8F9 /* libSDL2_image-2.0.0.dylib in Frameworks */,
				971155BC2D6DE60D0028E8F9 /* libSDL2-2.0.0.dylib in Frameworks */,
			);
			runOnlyForDeploymentPostprocessing = 0;
		};
/* End PBXFrameworksBuildPhase section */

/* Begin PBXGroup section */
		979EF1ED2D01C4AF00772745 = {
			isa = PBXGroup;
			children = (
				979EF1F82D01C4AF00772745 /* chords */,
				979EF2002D01E5D500772745 /* Frameworks */,
				979EF1F72D01C4AF00772745 /* Products */,
			);
			sourceTree = "<group>";
		};
		979EF1F72D01C4AF00772745 /* Products */ = {
			isa = PBXGroup;
			children = (
				979EF1F62D01C4AF00772745 /* chords */,
			);
			name = Products;
			sourceTree = "<group>";
		};
		979EF2002D01E5D500772745 /* Frameworks */ = {
			isa = PBXGroup;
			children = (
				971155BF2D6DE6270028E8F9 /* libSDL2_mixer-2.0.0.dylib */,
				971155BD2D6DE61C0028E8F9 /* libSDL2_image-2.0.0.dylib */,
				971155BB2D6DE60D0028E8F9 /* libSDL2-2.0.0.dylib */,
				977297582D0388010030BD5C /* libSDL2_mixer-2.0.0.dylib */,
				979EF2012D01E5D500772745 /* libSDL2-2.0.0.dylib */,
			);
			name = Frameworks;
			sourceTree = "<group>";
		};
/* End PBXGroup section */

/* Begin PBXNativeTarget section */
		979EF1F52D01C4AF00772745 /* chords */ = {
			isa = PBXNativeTarget;
			buildConfigurationList = 979EF1FD2D01C4AF00772745 /* Build configuration list for PBXNativeTarget "chords" */;
			buildPhases = (
				979EF1F22D01C4AF00772745 /* Sources */,
				979EF1F32D01C4AF00772745 /* Frameworks */,
				979EF1F42D01C4AF00772745 /* CopyFiles */,
			);
			buildRules = (
			);
			dependencies = (
			);
			fileSystemSynchronizedGroups = (
				979EF1F82D01C4AF00772745 /* chords */,
			);
			name = chords;
			packageProductDependencies = (
			);
			productName = chords;
			productReference = 979EF1F62D01C4AF00772745 /* chords */;
			productType = "com.apple.product-type.tool";
		};
/* End PBXNativeTarget section */

/* Begin PBXProject section */
		979EF1EE2D01C4AF00772745 /* Project object */ = {
			isa = PBXProject;
			attributes = {
				BuildIndependentTargetsInParallel = 1;
				LastUpgradeCheck = 1620;
				TargetAttributes = {
					979EF1F52D01C4AF00772745 = {
						CreatedOnToolsVersion = 16.1;
					};
				};
			};
			buildConfigurationList = 979EF1F12D01C4AF00772745 /* Build configuration list for PBXProject "chords" */;
			developmentRegion = en;
			hasScannedForEncodings = 0;
			knownRegions = (
				en,
				Base,
			);
			mainGroup = 979EF1ED2D01C4AF00772745;
			minimizedProjectReferenceProxies = 1;
			preferredProjectObjectVersion = 77;
			productRefGroup = 979EF1F72D01C4AF00772745 /* Products */;
			projectDirPath = "";
			projectRoot = "";
			targets = (
				979EF1F52D01C4AF00772745 /* chords */,
			);
		};
/* End PBXProject section */

/* Begin PBXSourcesBuildPhase section */
		979EF1F22D01C4AF00772745 /* Sources */ = {
			isa = PBXSourcesBuildPhase;
			buildActionMask = 2147483647;
			files = (
			);
			runOnlyForDeploymentPostprocessing = 0;
		};
/* End PBXSourcesBuildPhase section */

/* Begin XCBuildConfiguration section */
		979EF1FB2D01C4AF00772745 /* Debug */ = {
			isa = XCBuildConfiguration;
			buildSettings = {
				ALWAYS_SEARCH_USER_PATHS = NO;
				ASSETCATALOG_COMPILER_GENERATE_SWIFT_ASSET_SYMBOL_EXTENSIONS = YES;
				CLANG_ANALYZER_NONNULL = YES;
				CLANG_ANALYZER_NUMBER_OBJECT_CONVERSION = YES_AGGRESSIVE;
				CLANG_CXX_LANGUAGE_STANDARD = "gnu++20";
				CLANG_ENABLE_MODULES = YES;
				CLANG_ENABLE_OBJC_ARC = YES;
				CLANG_ENABLE_OBJC_WEAK = YES;
				CLANG_WARN_BLOCK_CAPTURE_AUTORELEASING = YES;
				CLANG_WARN_BOOL_CONVERSION = YES;
				CLANG_WARN_COMMA = YES;
				CLANG_WARN_CONSTANT_CONVERSION = YES;
				CLANG_WARN_DEPRECATED_OBJC_IMPLEMENTATIONS = YES;
				CLANG_WARN_DIRECT_OBJC_ISA_USAGE = YES_ERROR;
				CLANG_WARN_DOCUMENTATION_COMMENTS = YES;
				CLANG_WARN_EMPTY_BODY = YES;
				CLANG_WARN_ENUM_CONVERSION = YES;
				CLANG_WARN_INFINITE_RECURSION = YES;
				CLANG_WARN_INT_CONVERSION = YES;
				CLANG_WARN_NON_LITERAL_NULL_CONVERSION = YES;
				CLANG_WARN_OBJC_IMPLICIT_RETAIN_SELF = YES;
				CLANG_WARN_OBJC_LITERAL_CONVERSION = YES;
				CLANG_WARN_OBJC_ROOT_CLASS = YES_ERROR;
				CLANG_WARN_QUOTED_INCLUDE_IN_FRAMEWORK_HEADER = YES;
				CLANG_WARN_RANGE_LOOP_ANALYSIS = YES;
				CLANG_WARN_STRICT_PROTOTYPES = YES;
				CLANG_WARN_SUSPICIOUS_MOVE = YES;
				CLANG_WARN_UNGUARDED_AVAILABILITY = YES_AGGRESSIVE;
				CLANG_WARN_UNREACHABLE_CODE = YES;
				CLANG_WARN__DUPLICATE_METHOD_MATCH = YES;
				COPY_PHASE_STRIP = NO;
				DEAD_CODE_STRIPPING = YES;
				DEBUG_INFORMATION_FORMAT = dwarf;
				ENABLE_STRICT_OBJC_MSGSEND = YES;
				ENABLE_TESTABILITY = YES;
				ENABLE_USER_SCRIPT_SANDBOXING = YES;
				GCC_C_LANGUAGE_STANDARD = gnu17;
				GCC_DYNAMIC_NO_PIC = NO;
				GCC_NO_COMMON_BLOCKS = YES;
				GCC_OPTIMIZATION_LEVEL = 0;
				GCC_PREPROCESSOR_DEFINITIONS = (
					"DEBUG=1",
					"$(inherited)",
				);
				GCC_WARN_64_TO_32_BIT_CONVERSION = YES;
				GCC_WARN_ABOUT_RETURN_TYPE = YES_ERROR;
				GCC_WARN_UNDECLARED_SELECTOR = YES;
				GCC_WARN_UNINITIALIZED_AUTOS = YES_AGGRESSIVE;
				GCC_WARN_UNUSED_FUNCTION = YES;
				GCC_WARN_UNUSED_VARIABLE = YES;
				HEADER_SEARCH_PATHS = /opt/homebrew/include;
				LIBRARY_SEARCH_PATHS = (
					/opt/homebrew/Cellar/sdl2_mixer/2.8.1/lib,
					/opt/homebrew/Cellar/sdl2_image/2.8.4/lib,
					/opt/homebrew/Cellar/sdl2/2.32.2/lib,
				);
				LOCALIZATION_PREFERS_STRING_CATALOGS = YES;
				MACOSX_DEPLOYMENT_TARGET = 15.0;
				MTL_ENABLE_DEBUG_INFO = INCLUDE_SOURCE;
				MTL_FAST_MATH = YES;
				ONLY_ACTIVE_ARCH = YES;
				SDKROOT = macosx;
			};
			name = Debug;
		};
		979EF1FC2D01C4AF00772745 /* Release */ = {
			isa = XCBuildConfiguration;
			buildSettings = {
				ALWAYS_SEARCH_USER_PATHS = NO;
				ASSETCATALOG_COMPILER_GENERATE_SWIFT_ASSET_SYMBOL_EXTENSIONS = YES;
				CLANG_ANALYZER_NONNULL = YES;
				CLANG_ANALYZER_NUMBER_OBJECT_CONVERSION = YES_AGGRESSIVE;
				CLANG_CXX_LANGUAGE_STANDARD = "gnu++20";
				CLANG_ENABLE_MODULES = YES;
				CLANG_ENABLE_OBJC_ARC = YES;
				CLANG_ENABLE_OBJC_WEAK = YES;
				CLANG_WARN_BLOCK_CAPTURE_AUTORELEASING = YES;
				CLANG_WARN_BOOL_CONVERSION = YES;
				CLANG_WARN_COMMA = YES;
				CLANG_WARN_CONSTANT_CONVERSION = YES;
				CLANG_WARN_DEPRECATED_OBJC_IMPLEMENTATIONS = YES;
				CLANG_WARN_DIRECT_OBJC_ISA_USAGE = YES_ERROR;
				CLANG_WARN_DOCUMENTATION_COMMENTS = YES;
				CLANG_WARN_EMPTY_BODY = YES;
				CLANG_WARN_ENUM_CONVERSION = YES;
				CLANG_WARN_INFINITE_RECURSION = YES;
				CLANG_WARN_INT_CONVERSION = YES;
				CLANG_WARN_NON_LITERAL_NULL_CONVERSION = YES;
				CLANG_WARN_OBJC_IMPLICIT_RETAIN_SELF = YES;
				CLANG_WARN_OBJC_LITERAL_CONVERSION = YES;
				CLANG_WARN_OBJC_ROOT_CLASS = YES_ERROR;
				CLANG_WARN_QUOTED_INCLUDE_IN_FRAMEWORK_HEADER = YES;
				CLANG_WARN_RANGE_LOOP_ANALYSIS = YES;
				CLANG_WARN_STRICT_PROTOTYPES = YES;
				CLANG_WARN_SUSPICIOUS_MOVE = YES;
				CLANG_WARN_UNGUARDED_AVAILABILITY = YES_AGGRESSIVE;
				CLANG_WARN_UNREACHABLE_CODE = YES;
				CLANG_WARN__DUPLICATE_METHOD_MATCH = YES;
				COPY_PHASE_STRIP = NO;
				DEAD_CODE_STRIPPING = YES;
				DEBUG_INFORMATION_FORMAT = "dwarf-with-dsym";
				ENABLE_NS_ASSERTIONS = NO;
				ENABLE_STRICT_OBJC_MSGSEND = YES;
				ENABLE_USER_SCRIPT_SANDBOXING = YES;
				GCC_C_LANGUAGE_STANDARD = gnu17;
				GCC_NO_COMMON_BLOCKS = YES;
				GCC_WARN_64_TO_32_BIT_CONVERSION = YES;
				GCC_WARN_ABOUT_RETURN_TYPE = YES_ERROR;
				GCC_WARN_UNDECLARED_SELECTOR = YES;
				GCC_WARN_UNINITIALIZED_AUTOS = YES_AGGRESSIVE;
				GCC_WARN_UNUSED_FUNCTION = YES;
				GCC_WARN_UNUSED_VARIABLE = YES;
				HEADER_SEARCH_PATHS = /opt/homebrew/include;
				LIBRARY_SEARCH_PATHS = (
					/opt/homebrew/Cellar/sdl2_mixer/2.8.1/lib,
					/opt/homebrew/Cellar/sdl2_image/2.8.4/lib,
					/opt/homebrew/Cellar/sdl2/2.32.2/lib,
				);
				LOCALIZATION_PREFERS_STRING_CATALOGS = YES;
				MACOSX_DEPLOYMENT_TARGET = 15.0;
				MTL_ENABLE_DEBUG_INFO = NO;
				MTL_FAST_MATH = YES;
				SDKROOT = macosx;
			};
			name = Release;
		};
		979EF1FE2D01C4AF00772745 /* Debug */ = {
			isa = XCBuildConfiguration;
			buildSettings = {
				CODE_SIGN_STYLE = Automatic;
				DEAD_CODE_STRIPPING = YES;
				FRAMEWORK_SEARCH_PATHS = (
					"$(inherited)",
					"$(PROJECT_DIR)/chords",
				);
				HEADER_SEARCH_PATHS = /opt/homebrew/include;
				LIBRARY_SEARCH_PATHS = (
					/opt/homebrew/Cellar/sdl2_sound/2.0.2/lib,
					/opt/homebrew/Cellar/sdl2_image/2.8.2_2/lib,
					/opt/homebrew/Cellar/sdl2/2.30.9/lib,
					/opt/homebrew/Cellar/sdl2_mixer/2.8.0/lib,
					/opt/homebrew/Cellar/sdl2/2.32.0/lib,
					/opt/homebrew/Cellar/sdl2_image/2.8.4/lib,
					/opt/homebrew/Cellar/sdl2_mixer/2.8.1/lib,
				);
				PRODUCT_NAME = "$(TARGET_NAME)";
				WRAPPER_EXTENSION = "";
			};
			name = Debug;
		};
		979EF1FF2D01C4AF00772745 /* Release */ = {
			isa = XCBuildConfiguration;
			buildSettings = {
				CODE_SIGN_STYLE = Automatic;
				DEAD_CODE_STRIPPING = YES;
				FRAMEWORK_SEARCH_PATHS = (
					"$(inherited)",
					"$(PROJECT_DIR)/chords",
				);
				HEADER_SEARCH_PATHS = /opt/homebrew/include;
				LIBRARY_SEARCH_PATHS = (
					/opt/homebrew/Cellar/sdl2_sound/2.0.2/lib,
					/opt/homebrew/Cellar/sdl2_image/2.8.2_2/lib,
					/opt/homebrew/Cellar/sdl2/2.30.9/lib,
					/opt/homebrew/Cellar/sdl2_mixer/2.8.0/lib,
					/opt/homebrew/Cellar/sdl2/2.32.0/lib,
					/opt/homebrew/Cellar/sdl2_image/2.8.4/lib,
					/opt/homebrew/Cellar/sdl2_mixer/2.8.1/lib,
				);
				PRODUCT_NAME = "$(TARGET_NAME)";
				WRAPPER_EXTENSION = "";
			};
			name = Release;
		};
/* End XCBuildConfiguration section */

/* Begin XCConfigurationList section */
		979EF1F12D01C4AF00772745 /* Build configuration list for PBXProject "chords" */ = {
			isa = XCConfigurationList;
			buildConfigurations = (
				979EF1FB2D01C4AF00772745 /* Debug */,
				979EF1FC2D01C4AF00772745 /* Release */,
			);
			defaultConfigurationIsVisible = 0;
			defaultConfigurationName = Release;
		};
		979EF1FD2D01C4AF00772745 /* Build configuration list for PBXNativeTarget "chords" */ = {
			isa = XCConfigurationList;
			buildConfigurations = (
				979EF1FE2D01C4AF00772745 /* Debug */,
				979EF1FF2D01C4AF00772745 /* Release */,
			);
			defaultConfigurationIsVisible = 0;
			defaultConfigurationName = Release;
		};
/* End XCConfigurationList section */
	};
	rootObject = 979EF1EE2D01C4AF00772745 /* Project object */;
}
